
Microsoft Visual Studio Solution File, Format Version 12.00
# Visual Studio 15
VisualStudioVersion = 15.0.27130.2036
MinimumVisualStudioVersion = 10.0.40219.1
Project("{FAE04EC0-301F-11D3-BF4B-00C04F79EFBC}") = "MTC to DenD", "MTC to DenD.csproj", "{71EE2149-11C9-4DF5-B461-8FC11145D14B}"
EndProject
Global
	GlobalSection(SolutionConfigurationPlatforms) = preSolution
		Debug|Any CPU = Debug|Any CPU
		Release|Any CPU = Release|Any CPU
	EndGlobalSection
	GlobalSection(ProjectConfigurationPlatforms) = postSolution
		{71EE2149-11C9-4DF5-B461-8FC11145D14B}.Debug|Any CPU.ActiveCfg = Debug|Any CPU
		{71EE2149-11C9-4DF5-B461-8FC11145D14B}.Debug|Any CPU.Build.0 = Debug|Any CPU
		{71EE2149-11C9-4DF5-B461-8FC11145D14B}.Release|Any CPU.ActiveCfg = Release|Any CPU
		{71EE2149-11C9-4DF5-B461-8FC11145D14B}.Release|Any CPU.Build.0 = Release|Any CPU
	EndGlobalSection
	GlobalSection(SolutionProperties) = preSolution
		HideSolutionNode = FALSE
	EndGlobalSection
	GlobalSection(ExtensibilityGlobals) = postSolution
		SolutionGuid = {FC173E25-EAA1-4749-B74F-741E9E944A39}
	EndGlobalSection
EndGlobal
